PODS:
  - Chorister (0.2.0)
  - Nimble (7.3.1)
  - Quick (1.3.2)

DEPENDENCIES:
  - Chorister (from `../`)
  - Nimble
  - Quick

SPEC REPOS:
  https://github.com/cocoapods/specs.git:
    - Nimble
    - Quick

EXTERNAL SOURCES:
  Chorister:
    :path: "../"

SPEC CHECKSUMS:
  Chorister: fda897dfb434d1726ab74a1f9cd0f0cac65f696f
  Nimble: 04f732da099ea4d153122aec8c2a88fd0c7219ae
  Quick: 2623cb30d7a7f41ca62f684f679586558f483d46

PODFILE CHECKSUM: fbe354202f2c79183abdecea01b2ace061e77590

COCOAPODS: 1.5.3
