PODS:
  - AwesomeCache (2.0)
  - Chorister (0.1.0):
    - AwesomeCache (~> 2.0)
  - Nimble (3.0.0)
  - Quick (0.8.0)

DEPENDENCIES:
  - Chorister (from `../`)
  - Nimble (= 3.0.0)
  - Quick (~> 0.8.0)

EXTERNAL SOURCES:
  Chorister:
    :path: "../"

SPEC CHECKSUMS:
  AwesomeCache: 5d6839ad139cdcee3c3a067f6fc1849523867dd9
  Chorister: 071c808bd7127ae6eec169b09bd771980d3aec5d
  Nimble: 4c353d43735b38b545cbb4cb91504588eb5de926
  Quick: 563d0f6ec5f72e394645adb377708639b7dd38ab

COCOAPODS: 0.39.0
